
Microsoft Visual Studio Solution File, Format Version 12.00
# Visual Studio Version 16
VisualStudioVersion = 16.0.31005.135
MinimumVisualStudioVersion = 10.0.40219.1
Project("{FAE04EC0-301F-11D3-BF4B-00C04F79EFBC}") = "MobileApp.UWP", "MobileApp\MobileApp.UWP\MobileApp.UWP.csproj", "{2584D873-FBF9-4D08-AFE1-2FF7C36F97A4}"
EndProject
Project("{FAE04EC0-301F-11D3-BF4B-00C04F79EFBC}") = "MobileApp.Android", "MobileApp\MobileApp.Android\MobileApp.Android.csproj", "{E2A2DC3F-B913-4237-B5B2-61E213407140}"
EndProject
Project("{FAE04EC0-301F-11D3-BF4B-00C04F79EFBC}") = "MobileApp.iOS", "MobileApp\MobileApp.iOS\MobileApp.iOS.csproj", "{B40A4975-AFFB-497C-8377-961FA52B1124}"
EndProject
Project("{FAE04EC0-301F-11D3-BF4B-00C04F79EFBC}") = "MobileApp", "MobileApp\MobileApp\MobileApp.csproj", "{7CF95716-69B4-4935-963B-CBA6C4C432F1}"
EndProject
Global
	GlobalSection(SolutionConfigurationPlatforms) = preSolution
		Debug|Any CPU = Debug|Any CPU
		Debug|ARM = Debug|ARM
		Debug|iPhone = Debug|iPhone
		Debug|iPhoneSimulator = Debug|iPhoneSimulator
		Debug|x64 = Debug|x64
		Debug|x86 = Debug|x86
		Release|Any CPU = Release|Any CPU
		Release|ARM = Release|ARM
		Release|iPhone = Release|iPhone
		Release|iPhoneSimulator = Release|iPhoneSimulator
		Release|x64 = Release|x64
		Release|x86 = Release|x86
	EndGlobalSection
	GlobalSection(ProjectConfigurationPlatforms) = postSolution
		{2584D873-FBF9-4D08-AFE1-2FF7C36F97A4}.Debug|Any CPU.ActiveCfg = Debug|x86
		{2584D873-FBF9-4D08-AFE1-2FF7C36F97A4}.Debug|Any CPU.Build.0 = Debug|x86
		{2584D873-FBF9-4D08-AFE1-2FF7C36F97A4}.Debug|Any CPU.Deploy.0 = Debug|x86
		{2584D873-FBF9-4D08-AFE1-2FF7C36F97A4}.Debug|ARM.ActiveCfg = Debug|ARM
		{2584D873-FBF9-4D08-AFE1-2FF7C36F97A4}.Debug|ARM.Build.0 = Debug|ARM
		{2584D873-FBF9-4D08-AFE1-2FF7C36F97A4}.Debug|ARM.Deploy.0 = Debug|ARM
		{2584D873-FBF9-4D08-AFE1-2FF7C36F97A4}.Debug|iPhone.ActiveCfg = Debug|x86
		{2584D873-FBF9-4D08-AFE1-2FF7C36F97A4}.Debug|iPhone.Build.0 = Debug|x86
		{2584D873-FBF9-4D08-AFE1-2FF7C36F97A4}.Debug|iPhone.Deploy.0 = Debug|x86
		{2584D873-FBF9-4D08-AFE1-2FF7C36F97A4}.Debug|iPhoneSimulator.ActiveCfg = Debug|x86
		{2584D873-FBF9-4D08-AFE1-2FF7C36F97A4}.Debug|iPhoneSimulator.Build.0 = Debug|x86
		{2584D873-FBF9-4D08-AFE1-2FF7C36F97A4}.Debug|iPhoneSimulator.Deploy.0 = Debug|x86
		{2584D873-FBF9-4D08-AFE1-2FF7C36F97A4}.Debug|x64.ActiveCfg = Debug|x64
		{2584D873-FBF9-4D08-AFE1-2FF7C36F97A4}.Debug|x64.Build.0 = Debug|x64
		{2584D873-FBF9-4D08-AFE1-2FF7C36F97A4}.Debug|x64.Deploy.0 = Debug|x64
		{2584D873-FBF9-4D08-AFE1-2FF7C36F97A4}.Debug|x86.ActiveCfg = Debug|x86
		{2584D873-FBF9-4D08-AFE1-2FF7C36F97A4}.Debug|x86.Build.0 = Debug|x86
		{2584D873-FBF9-4D08-AFE1-2FF7C36F97A4}.Debug|x86.Deploy.0 = Debug|x86
		{2584D873-FBF9-4D08-AFE1-2FF7C36F97A4}.Release|Any CPU.ActiveCfg = Release|x86
		{2584D873-FBF9-4D08-AFE1-2FF7C36F97A4}.Release|Any CPU.Build.0 = Release|x86
		{2584D873-FBF9-4D08-AFE1-2FF7C36F97A4}.Release|Any CPU.Deploy.0 = Release|x86
		{2584D873-FBF9-4D08-AFE1-2FF7C36F97A4}.Release|ARM.ActiveCfg = Release|ARM
		{2584D873-FBF9-4D08-AFE1-2FF7C36F97A4}.Release|ARM.Build.0 = Release|ARM
		{2584D873-FBF9-4D08-AFE1-2FF7C36F97A4}.Release|ARM.Deploy.0 = Release|ARM
		{2584D873-FBF9-4D08-AFE1-2FF7C36F97A4}.Release|iPhone.ActiveCfg = Release|x86
		{2584D873-FBF9-4D08-AFE1-2FF7C36F97A4}.Release|iPhone.Build.0 = Release|x86
		{2584D873-FBF9-4D08-AFE1-2FF7C36F97A4}.Release|iPhone.Deploy.0 = Release|x86
		{2584D873-FBF9-4D08-AFE1-2FF7C36F97A4}.Release|iPhoneSimulator.ActiveCfg = Release|x86
		{2584D873-FBF9-4D08-AFE1-2FF7C36F97A4}.Release|iPhoneSimulator.Build.0 = Release|x86
		{2584D873-FBF9-4D08-AFE1-2FF7C36F97A4}.Release|iPhoneSimulator.Deploy.0 = Release|x86
		{2584D873-FBF9-4D08-AFE1-2FF7C36F97A4}.Release|x64.ActiveCfg = Release|x64
		{2584D873-FBF9-4D08-AFE1-2FF7C36F97A4}.Release|x64.Build.0 = Release|x64
		{2584D873-FBF9-4D08-AFE1-2FF7C36F97A4}.Release|x64.Deploy.0 = Release|x64
		{2584D873-FBF9-4D08-AFE1-2FF7C36F97A4}.Release|x86.ActiveCfg = Release|x86
		{2584D873-FBF9-4D08-AFE1-2FF7C36F97A4}.Release|x86.Build.0 = Release|x86
		{2584D873-FBF9-4D08-AFE1-2FF7C36F97A4}.Release|x86.Deploy.0 = Release|x86
		{E2A2DC3F-B913-4237-B5B2-61E213407140}.Debug|Any CPU.ActiveCfg = Debug|Any CPU
		{E2A2DC3F-B913-4237-B5B2-61E213407140}.Debug|Any CPU.Build.0 = Debug|Any CPU
		{E2A2DC3F-B913-4237-B5B2-61E213407140}.Debug|Any CPU.Deploy.0 = Debug|Any CPU
		{E2A2DC3F-B913-4237-B5B2-61E213407140}.Debug|ARM.ActiveCfg = Debug|Any CPU
		{E2A2DC3F-B913-4237-B5B2-61E213407140}.Debug|ARM.Build.0 = Debug|Any CPU
		{E2A2DC3F-B913-4237-B5B2-61E213407140}.Debug|ARM.Deploy.0 = Debug|Any CPU
		{E2A2DC3F-B913-4237-B5B2-61E213407140}.Debug|iPhone.ActiveCfg = Debug|Any CPU
		{E2A2DC3F-B913-4237-B5B2-61E213407140}.Debug|iPhone.Build.0 = Debug|Any CPU
		{E2A2DC3F-B913-4237-B5B2-61E213407140}.Debug|iPhone.Deploy.0 = Debug|Any CPU
		{E2A2DC3F-B913-4237-B5B2-61E213407140}.Debug|iPhoneSimulator.ActiveCfg = Debug|Any CPU
		{E2A2DC3F-B913-4237-B5B2-61E213407140}.Debug|iPhoneSimulator.Build.0 = Debug|Any CPU
		{E2A2DC3F-B913-4237-B5B2-61E213407140}.Debug|iPhoneSimulator.Deploy.0 = Debug|Any CPU
		{E2A2DC3F-B913-4237-B5B2-61E213407140}.Debug|x64.ActiveCfg = Debug|Any CPU
		{E2A2DC3F-B913-4237-B5B2-61E213407140}.Debug|x64.Build.0 = Debug|Any CPU
		{E2A2DC3F-B913-4237-B5B2-61E213407140}.Debug|x64.Deploy.0 = Debug|Any CPU
		{E2A2DC3F-B913-4237-B5B2-61E213407140}.Debug|x86.ActiveCfg = Debug|Any CPU
		{E2A2DC3F-B913-4237-B5B2-61E213407140}.Debug|x86.Build.0 = Debug|Any CPU
		{E2A2DC3F-B913-4237-B5B2-61E213407140}.Debug|x86.Deploy.0 = Debug|Any CPU
		{E2A2DC3F-B913-4237-B5B2-61E213407140}.Release|Any CPU.ActiveCfg = Release|Any CPU
		{E2A2DC3F-B913-4237-B5B2-61E213407140}.Release|Any CPU.Build.0 = Release|Any CPU
		{E2A2DC3F-B913-4237-B5B2-61E213407140}.Release|Any CPU.Deploy.0 = Release|Any CPU
		{E2A2DC3F-B913-4237-B5B2-61E213407140}.Release|ARM.ActiveCfg = Release|Any CPU
		{E2A2DC3F-B913-4237-B5B2-61E213407140}.Release|ARM.Build.0 = Release|Any CPU
		{E2A2DC3F-B913-4237-B5B2-61E213407140}.Release|ARM.Deploy.0 = Release|Any CPU
		{E2A2DC3F-B913-4237-B5B2-61E213407140}.Release|iPhone.ActiveCfg = Release|Any CPU
		{E2A2DC3F-B913-4237-B5B2-61E213407140}.Release|iPhone.Build.0 = Release|Any CPU
		{E2A2DC3F-B913-4237-B5B2-61E213407140}.Release|iPhone.Deploy.0 = Release|Any CPU
		{E2A2DC3F-B913-4237-B5B2-61E213407140}.Release|iPhoneSimulator.ActiveCfg = Release|Any CPU
		{E2A2DC3F-B913-4237-B5B2-61E213407140}.Release|iPhoneSimulator.Build.0 = Release|Any CPU
		{E2A2DC3F-B913-4237-B5B2-61E213407140}.Release|iPhoneSimulator.Deploy.0 = Release|Any CPU
		{E2A2DC3F-B913-4237-B5B2-61E213407140}.Release|x64.ActiveCfg = Release|Any CPU
		{E2A2DC3F-B913-4237-B5B2-61E213407140}.Release|x64.Build.0 = Release|Any CPU
		{E2A2DC3F-B913-4237-B5B2-61E213407140}.Release|x64.Deploy.0 = Release|Any CPU
		{E2A2DC3F-B913-4237-B5B2-61E213407140}.Release|x86.ActiveCfg = Release|Any CPU
		{E2A2DC3F-B913-4237-B5B2-61E213407140}.Release|x86.Build.0 = Release|Any CPU
		{E2A2DC3F-B913-4237-B5B2-61E213407140}.Release|x86.Deploy.0 = Release|Any CPU
		{B40A4975-AFFB-497C-8377-961FA52B1124}.Debug|Any CPU.ActiveCfg = Debug|iPhoneSimulator
		{B40A4975-AFFB-497C-8377-961FA52B1124}.Debug|Any CPU.Build.0 = Debug|iPhoneSimulator
		{B40A4975-AFFB-497C-8377-961FA52B1124}.Debug|Any CPU.Deploy.0 = Debug|iPhoneSimulator
		{B40A4975-AFFB-497C-8377-961FA52B1124}.Debug|ARM.ActiveCfg = Debug|iPhone
		{B40A4975-AFFB-497C-8377-961FA52B1124}.Debug|ARM.Build.0 = Debug|iPhone
		{B40A4975-AFFB-497C-8377-961FA52B1124}.Debug|ARM.Deploy.0 = Debug|iPhone
		{B40A4975-AFFB-497C-8377-961FA52B1124}.Debug|iPhone.ActiveCfg = Debug|iPhone
		{B40A4975-AFFB-497C-8377-961FA52B1124}.Debug|iPhone.Build.0 = Debug|iPhone
		{B40A4975-AFFB-497C-8377-961FA52B1124}.Debug|iPhone.Deploy.0 = Debug|iPhone
		{B40A4975-AFFB-497C-8377-961FA52B1124}.Debug|iPhoneSimulator.ActiveCfg = Debug|iPhoneSimulator
		{B40A4975-AFFB-497C-8377-961FA52B1124}.Debug|iPhoneSimulator.Build.0 = Debug|iPhoneSimulator
		{B40A4975-AFFB-497C-8377-961FA52B1124}.Debug|iPhoneSimulator.Deploy.0 = Debug|iPhoneSimulator
		{B40A4975-AFFB-497C-8377-961FA52B1124}.Debug|x64.ActiveCfg = Debug|iPhoneSimulator
		{B40A4975-AFFB-497C-8377-961FA52B1124}.Debug|x64.Build.0 = Debug|iPhoneSimulator
		{B40A4975-AFFB-497C-8377-961FA52B1124}.Debug|x64.Deploy.0 = Debug|iPhoneSimulator
		{B40A4975-AFFB-497C-8377-961FA52B1124}.Debug|x86.ActiveCfg = Debug|iPhoneSimulator
		{B40A4975-AFFB-497C-8377-961FA52B1124}.Debug|x86.Build.0 = Debug|iPhoneSimulator
		{B40A4975-AFFB-497C-8377-961FA52B1124}.Debug|x86.Deploy.0 = Debug|iPhoneSimulator
		{B40A4975-AFFB-497C-8377-961FA52B1124}.Release|Any CPU.ActiveCfg = Release|iPhoneSimulator
		{B40A4975-AFFB-497C-8377-961FA52B1124}.Release|Any CPU.Build.0 = Release|iPhoneSimulator
		{B40A4975-AFFB-497C-8377-961FA52B1124}.Release|Any CPU.Deploy.0 = Release|iPhoneSimulator
		{B40A4975-AFFB-497C-8377-961FA52B1124}.Release|ARM.ActiveCfg = Release|iPhoneSimulator
		{B40A4975-AFFB-497C-8377-961FA52B1124}.Release|ARM.Build.0 = Release|iPhoneSimulator
		{B40A4975-AFFB-497C-8377-961FA52B1124}.Release|ARM.Deploy.0 = Release|iPhoneSimulator
		{B40A4975-AFFB-497C-8377-961FA52B1124}.Release|iPhone.ActiveCfg = Release|iPhone
		{B40A4975-AFFB-497C-8377-961FA52B1124}.Release|iPhone.Build.0 = Release|iPhone
		{B40A4975-AFFB-497C-8377-961FA52B1124}.Release|iPhone.Deploy.0 = Release|iPhone
		{B40A4975-AFFB-497C-8377-961FA52B1124}.Release|iPhoneSimulator.ActiveCfg = Release|iPhoneSimulator
		{B40A4975-AFFB-497C-8377-961FA52B1124}.Release|iPhoneSimulator.Build.0 = Release|iPhoneSimulator
		{B40A4975-AFFB-497C-8377-961FA52B1124}.Release|iPhoneSimulator.Deploy.0 = Release|iPhoneSimulator
		{B40A4975-AFFB-497C-8377-961FA52B1124}.Release|x64.ActiveCfg = Release|iPhoneSimulator
		{B40A4975-AFFB-497C-8377-961FA52B1124}.Release|x64.Build.0 = Release|iPhoneSimulator
		{B40A4975-AFFB-497C-8377-961FA52B1124}.Release|x64.Deploy.0 = Release|iPhoneSimulator
		{B40A4975-AFFB-497C-8377-961FA52B1124}.Release|x86.ActiveCfg = Release|iPhoneSimulator
		{B40A4975-AFFB-497C-8377-961FA52B1124}.Release|x86.Build.0 = Release|iPhoneSimulator
		{B40A4975-AFFB-497C-8377-961FA52B1124}.Release|x86.Deploy.0 = Release|iPhoneSimulator
		{7CF95716-69B4-4935-963B-CBA6C4C432F1}.Debug|Any CPU.ActiveCfg = Debug|Any CPU
		{7CF95716-69B4-4935-963B-CBA6C4C432F1}.Debug|Any CPU.Build.0 = Debug|Any CPU
		{7CF95716-69B4-4935-963B-CBA6C4C432F1}.Debug|Any CPU.Deploy.0 = Debug|Any CPU
		{7CF95716-69B4-4935-963B-CBA6C4C432F1}.Debug|ARM.ActiveCfg = Debug|Any CPU
		{7CF95716-69B4-4935-963B-CBA6C4C432F1}.Debug|ARM.Build.0 = Debug|Any CPU
		{7CF95716-69B4-4935-963B-CBA6C4C432F1}.Debug|ARM.Deploy.0 = Debug|Any CPU
		{7CF95716-69B4-4935-963B-CBA6C4C432F1}.Debug|iPhone.ActiveCfg = Debug|Any CPU
		{7CF95716-69B4-4935-963B-CBA6C4C432F1}.Debug|iPhone.Build.0 = Debug|Any CPU
		{7CF95716-69B4-4935-963B-CBA6C4C432F1}.Debug|iPhone.Deploy.0 = Debug|Any CPU
		{7CF95716-69B4-4935-963B-CBA6C4C432F1}.Debug|iPhoneSimulator.ActiveCfg = Debug|Any CPU
		{7CF95716-69B4-4935-963B-CBA6C4C432F1}.Debug|iPhoneSimulator.Build.0 = Debug|Any CPU
		{7CF95716-69B4-4935-963B-CBA6C4C432F1}.Debug|iPhoneSimulator.Deploy.0 = Debug|Any CPU
		{7CF95716-69B4-4935-963B-CBA6C4C432F1}.Debug|x64.ActiveCfg = Debug|Any CPU
		{7CF95716-69B4-4935-963B-CBA6C4C432F1}.Debug|x64.Build.0 = Debug|Any CPU
		{7CF95716-69B4-4935-963B-CBA6C4C432F1}.Debug|x64.Deploy.0 = Debug|Any CPU
		{7CF95716-69B4-4935-963B-CBA6C4C432F1}.Debug|x86.ActiveCfg = Debug|Any CPU
		{7CF95716-69B4-4935-963B-CBA6C4C432F1}.Debug|x86.Build.0 = Debug|Any CPU
		{7CF95716-69B4-4935-963B-CBA6C4C432F1}.Debug|x86.Deploy.0 = Debug|Any CPU
		{7CF95716-69B4-4935-963B-CBA6C4C432F1}.Release|Any CPU.ActiveCfg = Release|Any CPU
		{7CF95716-69B4-4935-963B-CBA6C4C432F1}.Release|Any CPU.Build.0 = Release|Any CPU
		{7CF95716-69B4-4935-963B-CBA6C4C432F1}.Release|Any CPU.Deploy.0 = Release|Any CPU
		{7CF95716-69B4-4935-963B-CBA6C4C432F1}.Release|ARM.ActiveCfg = Release|Any CPU
		{7CF95716-69B4-4935-963B-CBA6C4C432F1}.Release|ARM.Build.0 = Release|Any CPU
		{7CF95716-69B4-4935-963B-CBA6C4C432F1}.Release|ARM.Deploy.0 = Release|Any CPU
		{7CF95716-69B4-4935-963B-CBA6C4C432F1}.Release|iPhone.ActiveCfg = Release|Any CPU
		{7CF95716-69B4-4935-963B-CBA6C4C432F1}.Release|iPhone.Build.0 = Release|Any CPU
		{7CF95716-69B4-4935-963B-CBA6C4C432F1}.Release|iPhone.Deploy.0 = Release|Any CPU
		{7CF95716-69B4-4935-963B-CBA6C4C432F1}.Release|iPhoneSimulator.ActiveCfg = Release|Any CPU
		{7CF95716-69B4-4935-963B-CBA6C4C432F1}.Release|iPhoneSimulator.Build.0 = Release|Any CPU
		{7CF95716-69B4-4935-963B-CBA6C4C432F1}.Release|iPhoneSimulator.Deploy.0 = Release|Any CPU
		{7CF95716-69B4-4935-963B-CBA6C4C432F1}.Release|x64.ActiveCfg = Release|Any CPU
		{7CF95716-69B4-4935-963B-CBA6C4C432F1}.Release|x64.Build.0 = Release|Any CPU
		{7CF95716-69B4-4935-963B-CBA6C4C432F1}.Release|x64.Deploy.0 = Release|Any CPU
		{7CF95716-69B4-4935-963B-CBA6C4C432F1}.Release|x86.ActiveCfg = Release|Any CPU
		{7CF95716-69B4-4935-963B-CBA6C4C432F1}.Release|x86.Build.0 = Release|Any CPU
		{7CF95716-69B4-4935-963B-CBA6C4C432F1}.Release|x86.Deploy.0 = Release|Any CPU
	EndGlobalSection
	GlobalSection(SolutionProperties) = preSolution
		HideSolutionNode = FALSE
	EndGlobalSection
	GlobalSection(ExtensibilityGlobals) = postSolution
		SolutionGuid = {AAA3D210-642D-4A96-9252-70F6D505B831}
	EndGlobalSection
EndGlobal
